
Microsoft Visual Studio Solution File, Format Version 11.00
# Visual Studio 2010
Project("{FAE04EC0-301F-11D3-BF4B-00C04F79EFBC}") = "ForUTS", "Assembly-CSharp-firstpass.csproj", "{4CEEFBCA-6E89-40F8-7B0D-AC50471D46AD}"
EndProject
Project("{FAE04EC0-301F-11D3-BF4B-00C04F79EFBC}") = "ForUTS", "Assembly-CSharp.csproj", "{DA8CE30B-4954-6300-74E2-855ED4B31CB2}"
EndProject
Project("{FAE04EC0-301F-11D3-BF4B-00C04F79EFBC}") = "ForUTS", "Assembly-CSharp-Editor-firstpass.csproj", "{7DD9BFD4-7263-6ADA-7C68-3A6EB6C1DA40}"
EndProject
Global
	GlobalSection(SolutionConfigurationPlatforms) = preSolution
		Debug|Any CPU = Debug|Any CPU
		Release|Any CPU = Release|Any CPU
	EndGlobalSection
	GlobalSection(ProjectConfigurationPlatforms) = postSolution
		{4CEEFBCA-6E89-40F8-7B0D-AC50471D46AD}.Debug|Any CPU.ActiveCfg = Debug|Any CPU
		{4CEEFBCA-6E89-40F8-7B0D-AC50471D46AD}.Debug|Any CPU.Build.0 = Debug|Any CPU
		{4CEEFBCA-6E89-40F8-7B0D-AC50471D46AD}.Release|Any CPU.ActiveCfg = Release|Any CPU
		{4CEEFBCA-6E89-40F8-7B0D-AC50471D46AD}.Release|Any CPU.Build.0 = Release|Any CPU
		{DA8CE30B-4954-6300-74E2-855ED4B31CB2}.Debug|Any CPU.ActiveCfg = Debug|Any CPU
		{DA8CE30B-4954-6300-74E2-855ED4B31CB2}.Debug|Any CPU.Build.0 = Debug|Any CPU
		{DA8CE30B-4954-6300-74E2-855ED4B31CB2}.Release|Any CPU.ActiveCfg = Release|Any CPU
		{DA8CE30B-4954-6300-74E2-855ED4B31CB2}.Release|Any CPU.Build.0 = Release|Any CPU
		{7DD9BFD4-7263-6ADA-7C68-3A6EB6C1DA40}.Debug|Any CPU.ActiveCfg = Debug|Any CPU
		{7DD9BFD4-7263-6ADA-7C68-3A6EB6C1DA40}.Debug|Any CPU.Build.0 = Debug|Any CPU
		{7DD9BFD4-7263-6ADA-7C68-3A6EB6C1DA40}.Release|Any CPU.ActiveCfg = Release|Any CPU
		{7DD9BFD4-7263-6ADA-7C68-3A6EB6C1DA40}.Release|Any CPU.Build.0 = Release|Any CPU
	EndGlobalSection
	GlobalSection(SolutionProperties) = preSolution
		HideSolutionNode = FALSE
	EndGlobalSection
	GlobalSection(MonoDevelopProperties) = preSolution
		StartupItem = Assembly-CSharp.csproj
	EndGlobalSection
EndGlobal
